
Microsoft Visual Studio Solution File, Format Version 12.00
# Visual Studio Version 17
VisualStudioVersion = 17.14.36915.13 d17.14
MinimumVisualStudioVersion = 10.0.40219.1
Project("{FAE04EC0-301F-11D3-BF4B-00C04F79EFBC}") = "Operator overloading", "Operator overloading.csproj", "{55313D2B-2A0C-4449-8C30-B483A5508DA6}"
EndProject
Global
	GlobalSection(SolutionConfigurationPlatforms) = preSolution
		Debug|Any CPU = Debug|Any CPU
		Release|Any CPU = Release|Any CPU
	EndGlobalSection
	GlobalSection(ProjectConfigurationPlatforms) = postSolution
		{55313D2B-2A0C-4449-8C30-B483A5508DA6}.Debug|Any CPU.ActiveCfg = Debug|Any CPU
		{55313D2B-2A0C-4449-8C30-B483A5508DA6}.Debug|Any CPU.Build.0 = Debug|Any CPU
		{55313D2B-2A0C-4449-8C30-B483A5508DA6}.Release|Any CPU.ActiveCfg = Release|Any CPU
		{55313D2B-2A0C-4449-8C30-B483A5508DA6}.Release|Any CPU.Build.0 = Release|Any CPU
	EndGlobalSection
	GlobalSection(SolutionProperties) = preSolution
		HideSolutionNode = FALSE
	EndGlobalSection
	GlobalSection(ExtensibilityGlobals) = postSolution
		SolutionGuid = {93803657-01CB-4FA9-9A2E-A9086367DACB}
	EndGlobalSection
EndGlobal
